// !$*UTF8*$!
{
	archiveVersion = 1;
	classes = {
	};
	objectVersion = 56;
	objects = {

/* Begin PBXBuildFile section */
		F1234567890ABCDEF001 /* FlareWeatherApp.swift in Sources */ = {isa = PBXBuildFile; fileRef = F1234567890ABCDEF002 /* FlareWeatherApp.swift */; };
		F1234567890ABCDEF003 /* ContentView.swift in Sources */ = {isa = PBXBuildFile; fileRef = F1234567890ABCDEF004 /* ContentView.swift */; };
		F1234567890ABCDEF005 /* Assets.xcassets in Resources */ = {isa = PBXBuildFile; fileRef = F1234567890ABCDEF006 /* Assets.xcassets */; };
		F1234567890ABCDEF007 /* Preview Assets.xcassets in Resources */ = {isa = PBXBuildFile; fileRef = F1234567890ABCDEF008 /* Preview Assets.xcassets */; };
		F1234567890ABCDEF009 /* WeatherData.swift in Sources */ = {isa = PBXBuildFile; fileRef = F1234567890ABCDEF010 /* WeatherData.swift */; };
		F1234567890ABCDEF011 /* UserProfile.swift in Sources */ = {isa = PBXBuildFile; fileRef = F1234567890ABCDEF012 /* UserProfile.swift */; };
		F1234567890ABCDEF013 /* SymptomEntry.swift in Sources */ = {isa = PBXBuildFile; fileRef = F1234567890ABCDEF014 /* SymptomEntry.swift */; };
		F1234567890ABCDEF015 /* WeatherService.swift in Sources */ = {isa = PBXBuildFile; fileRef = F1234567890ABCDEF016 /* WeatherService.swift */; };
		F1234567890ABCDEF017 /* LocationManager.swift in Sources */ = {isa = PBXBuildFile; fileRef = F1234567890ABCDEF018 /* LocationManager.swift */; };
		F1234567890ABCDEF019 /* PersistenceController.swift in Sources */ = {isa = PBXBuildFile; fileRef = F1234567890ABCDEF020 /* PersistenceController.swift */; };
		F1234567890ABCDEF021 /* HomeView.swift in Sources */ = {isa = PBXBuildFile; fileRef = F1234567890ABCDEF022 /* HomeView.swift */; };
		F1234567890ABCDEF023 /* LogView.swift in Sources */ = {isa = PBXBuildFile; fileRef = F1234567890ABCDEF024 /* LogView.swift */; };
		F1234567890ABCDEF025 /* TrendsView.swift in Sources */ = {isa = PBXBuildFile; fileRef = F1234567890ABCDEF026 /* TrendsView.swift */; };
		F1234567890ABCDEF027 /* SettingsView.swift in Sources */ = {isa = PBXBuildFile; fileRef = F1234567890ABCDEF028 /* SettingsView.swift */; };
		F1234567890ABCDEF029 /* OnboardingView.swift in Sources */ = {isa = PBXBuildFile; fileRef = F1234567890ABCDEF030 /* OnboardingView.swift */; };
		F1234567890ABCDEF031 /* Extensions.swift in Sources */ = {isa = PBXBuildFile; fileRef = F1234567890ABCDEF032 /* Extensions.swift */; };
		F1234567890ABCDEF033 /* FlareWeatherModel.xcdatamodeld in Sources */ = {isa = PBXBuildFile; fileRef = F1234567890ABCDEF034 /* FlareWeatherModel.xcdatamodeld */; };
/* End PBXBuildFile section */

/* Begin PBXFileReference section */
		F1234567890ABCDEF001 /* FlareWeather.app */ = {isa = PBXFileReference; explicitFileType = wrapper.application; includeInIndex = 0; path = FlareWeather.app; sourceTree = BUILT_PRODUCTS_DIR; };
		F1234567890ABCDEF002 /* FlareWeatherApp.swift */ = {isa = PBXFileReference; lastKnownFileType = sourcecode.swift; path = FlareWeatherApp.swift; sourceTree = "<group>"; };
		F1234567890ABCDEF004 /* ContentView.swift */ = {isa = PBXFileReference; lastKnownFileType = sourcecode.swift; path = ContentView.swift; sourceTree = "<group>"; };
		F1234567890ABCDEF006 /* Assets.xcassets */ = {isa = PBXFileReference; lastKnownFileType = folder.assetcatalog; path = Assets.xcassets; sourceTree = "<group>"; };
		F1234567890ABCDEF008 /* Preview Assets.xcassets */ = {isa = PBXFileReference; lastKnownFileType = folder.assetcatalog; path = "Preview Assets.xcassets"; sourceTree = "<group>"; };
		F1234567890ABCDEF010 /* WeatherData.swift */ = {isa = PBXFileReference; lastKnownFileType = sourcecode.swift; path = WeatherData.swift; sourceTree = "<group>"; };
		F1234567890ABCDEF012 /* UserProfile.swift */ = {isa = PBXFileReference; lastKnownFileType = sourcecode.swift; path = UserProfile.swift; sourceTree = "<group>"; };
		F1234567890ABCDEF014 /* SymptomEntry.swift */ = {isa = PBXFileReference; lastKnownFileType = sourcecode.swift; path = SymptomEntry.swift; sourceTree = "<group>"; };
		F1234567890ABCDEF016 /* WeatherService.swift */ = {isa = PBXFileReference; lastKnownFileType = sourcecode.swift; path = WeatherService.swift; sourceTree = "<group>"; };
		F1234567890ABCDEF018 /* LocationManager.swift */ = {isa = PBXFileReference; lastKnownFileType = sourcecode.swift; path = LocationManager.swift; sourceTree = "<group>"; };
		F1234567890ABCDEF020 /* PersistenceController.swift */ = {isa = PBXFileReference; lastKnownFileType = sourcecode.swift; path = PersistenceController.swift; sourceTree = "<group>"; };
		F1234567890ABCDEF022 /* HomeView.swift */ = {isa = PBXFileReference; lastKnownFileType = sourcecode.swift; path = HomeView.swift; sourceTree = "<group>"; };
		F1234567890ABCDEF024 /* LogView.swift */ = {isa = PBXFileReference; lastKnownFileType = sourcecode.swift; path = LogView.swift; sourceTree = "<group>"; };
		F1234567890ABCDEF026 /* TrendsView.swift */ = {isa = PBXFileReference; lastKnownFileType = sourcecode.swift; path = TrendsView.swift; sourceTree = "<group>"; };
		F1234567890ABCDEF028 /* SettingsView.swift */ = {isa = PBXFileReference; lastKnownFileType = sourcecode.swift; path = SettingsView.swift; sourceTree = "<group>"; };
		F1234567890ABCDEF030 /* OnboardingView.swift */ = {isa = PBXFileReference; lastKnownFileType = sourcecode.swift; path = OnboardingView.swift; sourceTree = "<group>"; };
		F1234567890ABCDEF032 /* Extensions.swift */ = {isa = PBXFileReference; lastKnownFileType = sourcecode.swift; path = Extensions.swift; sourceTree = "<group>"; };
		F1234567890ABCDEF035 /* FlareWeatherModel.xcdatamodel */ = {isa = PBXFileReference; lastKnownFileType = wrapper.xcdatamodel; path = FlareWeatherModel.xcdatamodel; sourceTree = "<group>"; };
		F1234567890ABCDEF036 /* Info.plist */ = {isa = PBXFileReference; lastKnownFileType = text.plist.xml; path = Info.plist; sourceTree = "<group>"; };
/* End PBXFileReference section */

/* Begin PBXFrameworksBuildPhase section */
		F1234567890ABCDEF037 /* Frameworks */ = {
			isa = PBXFrameworksBuildPhase;
			buildActionMask = 2147483647;
			files = (
			);
			runOnlyForDeploymentPostprocessing = 0;
		};
/* End PBXFrameworksBuildPhase section */

/* Begin PBXGroup section */
		F1234567890ABCDEF038 = {
			isa = PBXGroup;
			children = (
				F1234567890ABCDEF039 /* FlareWeather */,
				F1234567890ABCDEF040 /* Products */,
			);
			sourceTree = "<group>";
		};
		F1234567890ABCDEF040 /* Products */ = {
			isa = PBXGroup;
			children = (
				F1234567890ABCDEF001 /* FlareWeather.app */,
			);
			name = Products;
			sourceTree = "<group>";
		};
		F1234567890ABCDEF039 /* FlareWeather */ = {
			isa = PBXGroup;
			children = (
				F1234567890ABCDEF002 /* FlareWeatherApp.swift */,
				F1234567890ABCDEF004 /* ContentView.swift */,
				F1234567890ABCDEF041 /* Models */,
				F1234567890ABCDEF042 /* Views */,
				F1234567890ABCDEF043 /* Services */,
				F1234567890ABCDEF044 /* CoreData */,
				F1234567890ABCDEF045 /* Extensions */,
				F1234567890ABCDEF006 /* Assets.xcassets */,
				F1234567890ABCDEF036 /* Info.plist */,
				F1234567890ABCDEF046 /* Preview Content */,
			);
			path = FlareWeather;
			sourceTree = "<group>";
		};
		F1234567890ABCDEF041 /* Models */ = {
			isa = PBXGroup;
			children = (
				F1234567890ABCDEF010 /* WeatherData.swift */,
				F1234567890ABCDEF012 /* UserProfile.swift */,
				F1234567890ABCDEF014 /* SymptomEntry.swift */,
			);
			path = Models;
			sourceTree = "<group>";
		};
		F1234567890ABCDEF042 /* Views */ = {
			isa = PBXGroup;
			children = (
				F1234567890ABCDEF022 /* HomeView.swift */,
				F1234567890ABCDEF024 /* LogView.swift */,
				F1234567890ABCDEF026 /* TrendsView.swift */,
				F1234567890ABCDEF028 /* SettingsView.swift */,
				F1234567890ABCDEF030 /* OnboardingView.swift */,
			);
			path = Views;
			sourceTree = "<group>";
		};
		F1234567890ABCDEF043 /* Services */ = {
			isa = PBXGroup;
			children = (
				F1234567890ABCDEF016 /* WeatherService.swift */,
				F1234567890ABCDEF018 /* LocationManager.swift */,
			);
			path = Services;
			sourceTree = "<group>";
		};
		F1234567890ABCDEF044 /* CoreData */ = {
			isa = PBXGroup;
			children = (
				F1234567890ABCDEF020 /* PersistenceController.swift */,
				F1234567890ABCDEF034 /* FlareWeatherModel.xcdatamodeld */,
			);
			path = CoreData;
			sourceTree = "<group>";
		};
		F1234567890ABCDEF045 /* Extensions */ = {
			isa = PBXGroup;
			children = (
				F1234567890ABCDEF032 /* Extensions.swift */,
			);
			path = Extensions;
			sourceTree = "<group>";
		};
		F1234567890ABCDEF046 /* Preview Content */ = {
			isa = PBXGroup;
			children = (
				F1234567890ABCDEF008 /* Preview Assets.xcassets */,
			);
			path = "Preview Content";
			sourceTree = "<group>";
		};
/* End PBXGroup section */

/* Begin PBXNativeTarget section */
		F1234567890ABCDEF047 /* FlareWeather */ = {
			isa = PBXNativeTarget;
			buildConfigurationList = F1234567890ABCDEF048 /* Build configuration list for PBXNativeTarget "FlareWeather" */;
			buildPhases = (
				F1234567890ABCDEF049 /* Sources */,
				F1234567890ABCDEF037 /* Frameworks */,
				F1234567890ABCDEF050 /* Resources */,
			);
			buildRules = (
			);
			dependencies = (
			);
			name = FlareWeather;
			productName = FlareWeather;
			productReference = F1234567890ABCDEF001 /* FlareWeather.app */;
			productType = "com.apple.product-type.application";
		};
/* End PBXNativeTarget section */

/* Begin PBXProject section */
		F1234567890ABCDEF051 /* Project object */ = {
			isa = PBXProject;
			attributes = {
				BuildIndependentTargetsInParallel = 1;
				LastSwiftUpdateCheck = 1500;
				LastUpgradeCheck = 1500;
				TargetAttributes = {
					F1234567890ABCDEF047 = {
						CreatedOnToolsVersion = 15.0;
					};
				};
			};
			buildConfigurationList = F1234567890ABCDEF052 /* Build configuration list for PBXProject "FlareWeather" */;
			compatibilityVersion = "Xcode 14.0";
			developmentRegion = en;
			hasScannedForEncodings = 0;
			knownRegions = (
				en,
				Base,
			);
			mainGroup = F1234567890ABCDEF038;
			productRefGroup = F1234567890ABCDEF040 /* Products */;
			projectDirPath = "";
			projectRoot = "";
			targets = (
				F1234567890ABCDEF047 /* FlareWeather */,
			);
		};
/* End PBXProject section */

/* Begin PBXResourcesBuildPhase section */
		F1234567890ABCDEF050 /* Resources */ = {
			isa = PBXResourcesBuildPhase;
			buildActionMask = 2147483647;
			files = (
				F1234567890ABCDEF007 /* Preview Assets.xcassets in Resources */,
				F1234567890ABCDEF005 /* Assets.xcassets in Resources */,
			);
			runOnlyForDeploymentPostprocessing = 0;
		};
/* End PBXResourcesBuildPhase section */

/* Begin PBXSourcesBuildPhase section */
		F1234567890ABCDEF049 /* Sources */ = {
			isa = PBXSourcesBuildPhase;
			buildActionMask = 2147483647;
			files = (
				F1234567890ABCDEF003 /* ContentView.swift in Sources */,
				F1234567890ABCDEF001 /* FlareWeatherApp.swift in Sources */,
				F1234567890ABCDEF009 /* WeatherData.swift in Sources */,
				F1234567890ABCDEF011 /* UserProfile.swift in Sources */,
				F1234567890ABCDEF013 /* SymptomEntry.swift in Sources */,
				F1234567890ABCDEF015 /* WeatherService.swift in Sources */,
				F1234567890ABCDEF017 /* LocationManager.swift in Sources */,
				F1234567890ABCDEF019 /* PersistenceController.swift in Sources */,
				F1234567890ABCDEF021 /* HomeView.swift in Sources */,
				F1234567890ABCDEF023 /* LogView.swift in Sources */,
				F1234567890ABCDEF025 /* TrendsView.swift in Sources */,
				F1234567890ABCDEF027 /* SettingsView.swift in Sources */,
				F1234567890ABCDEF029 /* OnboardingView.swift in Sources */,
				F1234567890ABCDEF031 /* Extensions.swift in Sources */,
				F1234567890ABCDEF033 /* FlareWeatherModel.xcdatamodeld in Sources */,
			);
			runOnlyForDeploymentPostprocessing = 0;
		};
/* End PBXSourcesBuildPhase section */

/* Begin XCBuildConfiguration section */
		F1234567890ABCDEF053 /* Debug */ = {
			isa = XCBuildConfiguration;
			buildSettings = {
				ALWAYS_SEARCH_USER_PATHS = NO;
				ASSETCATALOG_COMPILER_GENERATE_SWIFT_ASSET_SYMBOL_EXTENSIONS = YES;
				CLANG_ANALYZER_NONNULL = YES;
				CLANG_ANALYZER_NUMBER_OBJECT_CONVERSION = YES_AGGRESSIVE;
				CLANG_CXX_LANGUAGE_STANDARD = "gnu++20";
				CLANG_ENABLE_MODULES = YES;
				CLANG_ENABLE_OBJC_ARC = YES;
				CLANG_ENABLE_OBJC_WEAK = YES;
				CLANG_WARN_BLOCK_CAPTURE_AUTORELEASING = YES;
				CLANG_WARN_BOOL_CONVERSION = YES;
				CLANG_WARN_COMMA = YES;
				CLANG_WARN_CONSTANT_CONVERSION = YES;
				CLANG_WARN_DEPRECATED_OBJC_IMPLEMENTATIONS = YES;
				CLANG_WARN_DIRECT_OBJC_ISA_USAGE = YES_ERROR;
				CLANG_WARN_DOCUMENTATION_COMMENTS = YES;
				CLANG_WARN_EMPTY_BODY = YES;
				CLANG_WARN_ENUM_CONVERSION = YES;
				CLANG_WARN_INFINITE_RECURSION = YES;
				CLANG_WARN_INT_CONVERSION = YES;
				CLANG_WARN_NON_LITERAL_NULL_CONVERSION = YES;
				CLANG_WARN_OBJC_IMPLICIT_RETAIN_SELF = YES;
				CLANG_WARN_OBJC_LITERAL_CONVERSION = YES;
				CLANG_WARN_OBJC_ROOT_CLASS = YES_ERROR;
				CLANG_WARN_QUOTED_INCLUDE_IN_FRAMEWORK_HEADER = YES;
				CLANG_WARN_RANGE_LOOP_ANALYSIS = YES;
				CLANG_WARN_STRICT_PROTOTYPES = YES;
				CLANG_WARN_SUSPICIOUS_MOVE = YES;
				CLANG_WARN_UNGUARDED_AVAILABILITY = YES_AGGRESSIVE;
				CLANG_WARN_UNREACHABLE_CODE = YES;
				CLANG_WARN__DUPLICATE_METHOD_MATCH = YES;
				COPY_PHASE_STRIP = NO;
				DEBUG_INFORMATION_FORMAT = dwarf;
				ENABLE_STRICT_OBJC_MSGSEND = YES;
				ENABLE_TESTABILITY = YES;
				ENABLE_USER_SCRIPT_SANDBOXING = YES;
				GCC_C_LANGUAGE_STANDARD = gnu17;
				GCC_DYNAMIC_NO_PIC = NO;
				GCC_NO_COMMON_BLOCKS = YES;
				GCC_OPTIMIZATION_LEVEL = 0;
				GCC_PREPROCESSOR_DEFINITIONS = (
					"DEBUG=1",
					"$(inherited)",
				);
				GCC_WARN_64_TO_32_BIT_CONVERSION = YES;
				GCC_WARN_ABOUT_RETURN_TYPE = YES_ERROR;
				GCC_WARN_UNDECLARED_SELECTOR = YES;
				GCC_WARN_UNINITIALIZED_AUTOS = YES_AGGRESSIVE;
				GCC_WARN_UNUSED_FUNCTION = YES;
				GCC_WARN_UNUSED_VARIABLE = YES;
				IPHONEOS_DEPLOYMENT_TARGET = 17.0;
				LOCALIZATION_PREFERS_STRING_CATALOGS = YES;
				MTL_ENABLE_DEBUG_INFO = INCLUDE_SOURCE;
				MTL_FAST_MATH = YES;
				ONLY_ACTIVE_ARCH = YES;
				SDKROOT = iphoneos;
				SWIFT_ACTIVE_COMPILATION_CONDITIONS = "DEBUG $(inherited)";
				SWIFT_OPTIMIZATION_LEVEL = "-Onone";
			};
			name = Debug;
		};
		F1234567890ABCDEF054 /* Release */ = {
			isa = XCBuildConfiguration;
			buildSettings = {
				ALWAYS_SEARCH_USER_PATHS = NO;
				ASSETCATALOG_COMPILER_GENERATE_SWIFT_ASSET_SYMBOL_EXTENSIONS = YES;
				CLANG_ANALYZER_NONNULL = YES;
				CLANG_ANALYZER_NUMBER_OBJECT_CONVERSION = YES_AGGRESSIVE;
				CLANG_CXX_LANGUAGE_STANDARD = "gnu++20";
				CLANG_ENABLE_MODULES = YES;
				CLANG_ENABLE_OBJC_ARC = YES;
				CLANG_ENABLE_OBJC_WEAK = YES;
				CLANG_WARN_BLOCK_CAPTURE_AUTORELEASING = YES;
				CLANG_WARN_BOOL_CONVERSION = YES;
				CLANG_WARN_COMMA = YES;
				CLANG_WARN_CONSTANT_CONVERSION = YES;
				CLANG_WARN_DEPRECATED_OBJC_IMPLEMENTATIONS = YES;
				CLANG_WARN_DIRECT_OBJC_ISA_USAGE = YES_ERROR;
				CLANG_WARN_DOCUMENTATION_COMMENTS = YES;
				CLANG_WARN_EMPTY_BODY = YES;
				CLANG_WARN_ENUM_CONVERSION = YES;
				CLANG_WARN_INFINITE_RECURSION = YES;
				CLANG_WARN_INT_CONVERSION = YES;
				CLANG_WARN_NON_LITERAL_NULL_CONVERSION = YES;
				CLANG_WARN_OBJC_IMPLICIT_RETAIN_SELF = YES;
				CLANG_WARN_OBJC_LITERAL_CONVERSION = YES;
				CLANG_WARN_OBJC_ROOT_CLASS = YES_ERROR;
				CLANG_WARN_QUOTED_INCLUDE_IN_FRAMEWORK_HEADER = YES;
				CLANG_WARN_RANGE_LOOP_ANALYSIS = YES;
				CLANG_WARN_STRICT_PROTOTYPES = YES;
				CLANG_WARN_SUSPICIOUS_MOVE = YES;
				CLANG_WARN_UNGUARDED_AVAILABILITY = YES_AGGRESSIVE;
				CLANG_WARN_UNREACHABLE_CODE = YES;
				CLANG_WARN__DUPLICATE_METHOD_MATCH = YES;
				COPY_PHASE_STRIP = NO;
				DEBUG_INFORMATION_FORMAT = "dwarf-with-dsym";
				ENABLE_NS_ASSERTIONS = NO;
				ENABLE_STRICT_OBJC_MSGSEND = YES;
				ENABLE_USER_SCRIPT_SANDBOXING = YES;
				GCC_C_LANGUAGE_STANDARD = gnu17;
				GCC_NO_COMMON_BLOCKS = YES;
				GCC_WARN_64_TO_32_BIT_CONVERSION = YES;
				GCC_WARN_ABOUT_RETURN_TYPE = YES_ERROR;
				GCC_WARN_UNDECLARED_SELECTOR = YES;
				GCC_WARN_UNINITIALIZED_AUTOS = YES_AGGRESSIVE;
				GCC_WARN_UNUSED_FUNCTION = YES;
				GCC_WARN_UNUSED_VARIABLE = YES;
				IPHONEOS_DEPLOYMENT_TARGET = 17.0;
				LOCALIZATION_PREFERS_STRING_CATALOGS = YES;
				MTL_ENABLE_DEBUG_INFO = NO;
				MTL_FAST_MATH = YES;
				SDKROOT = iphoneos;
				SWIFT_COMPILATION_MODE = wholemodule;
				VALIDATE_PRODUCT = YES;
			};
			name = Release;
		};
		F1234567890ABCDEF055 /* Debug */ = {
			isa = XCBuildConfiguration;
			buildSettings = {
				ASSETCATALOG_COMPILER_APPICON_NAME = AppIcon;
				ASSETCATALOG_COMPILER_GLOBAL_ACCENT_COLOR_NAME = AccentColor;
				CODE_SIGN_STYLE = Automatic;
				CURRENT_PROJECT_VERSION = 1;
				DEVELOPMENT_ASSET_PATHS = "\"FlareWeather/Preview Content\"";
				ENABLE_PREVIEWS = YES;
				GENERATE_INFOPLIST_FILE = NO;
				INFOPLIST_FILE = FlareWeather/Info.plist;
				INFOPLIST_KEY_UIApplicationSceneManifest_Generation = YES;
				INFOPLIST_KEY_UIApplicationSupportsIndirectInputEvents = YES;
				INFOPLIST_KEY_UILaunchScreen_Generation = YES;
				INFOPLIST_KEY_UISupportedInterfaceOrientations_iPad = "UIInterfaceOrientationPortrait UIInterfaceOrientationPortraitUpsideDown UIInterfaceOrientationLandscapeLeft UIInterfaceOrientationLandscapeRight";
				INFOPLIST_KEY_UISupportedInterfaceOrientations_iPhone = "UIInterfaceOrientationPortrait UIInterfaceOrientationLandscapeLeft UIInterfaceOrientationLandscapeRight";
				LD_RUNPATH_SEARCH_PATHS = (
					"$(inherited)",
					"@executable_path/Frameworks",
				);
				MARKETING_VERSION = 1.0;
				PRODUCT_BUNDLE_IDENTIFIER = com.flareweather.app;
				PRODUCT_NAME = "$(TARGET_NAME)";
				SWIFT_EMIT_LOC_STRINGS = YES;
				SWIFT_VERSION = 5.0;
				TARGETED_DEVICE_FAMILY = "1,2";
			};
			name = Debug;
		};
		F1234567890ABCDEF056 /* Release */ = {
			isa = XCBuildConfiguration;
			buildSettings = {
				ASSETCATALOG_COMPILER_APPICON_NAME = AppIcon;
				ASSETCATALOG_COMPILER_GLOBAL_ACCENT_COLOR_NAME = AccentColor;
				CODE_SIGN_STYLE = Automatic;
				CURRENT_PROJECT_VERSION = 1;
				DEVELOPMENT_ASSET_PATHS = "\"FlareWeather/Preview Content\"";
				ENABLE_PREVIEWS = YES;
				GENERATE_INFOPLIST_FILE = NO;
				INFOPLIST_FILE = FlareWeather/Info.plist;
				INFOPLIST_KEY_UIApplicationSceneManifest_Generation = YES;
				INFOPLIST_KEY_UIApplicationSupportsIndirectInputEvents = YES;
				INFOPLIST_KEY_UILaunchScreen_Generation = YES;
				INFOPLIST_KEY_UISupportedInterfaceOrientations_iPad = "UIInterfaceOrientationPortrait UIInterfaceOrientationPortraitUpsideDown UIInterfaceOrientationLandscapeLeft UIInterfaceOrientationLandscapeRight";
				INFOPLIST_KEY_UISupportedInterfaceOrientations_iPhone = "UIInterfaceOrientationPortrait UIInterfaceOrientationLandscapeLeft UIInterfaceOrientationLandscapeRight";
				LD_RUNPATH_SEARCH_PATHS = (
					"$(inherited)",
					"@executable_path/Frameworks",
				);
				MARKETING_VERSION = 1.0;
				PRODUCT_BUNDLE_IDENTIFIER = com.flareweather.app;
				PRODUCT_NAME = "$(TARGET_NAME)";
				SWIFT_EMIT_LOC_STRINGS = YES;
				SWIFT_VERSION = 5.0;
				TARGETED_DEVICE_FAMILY = "1,2";
			};
			name = Release;
		};
/* End XCBuildConfiguration section */

/* Begin XCConfigurationList section */
		F1234567890ABCDEF048 /* Build configuration list for PBXNativeTarget "FlareWeather" */ = {
			isa = XCConfigurationList;
			buildConfigurations = (
				F1234567890ABCDEF055 /* Debug */,
				F1234567890ABCDEF056 /* Release */,
			);
			defaultConfigurationIsVisible = 0;
			defaultConfigurationName = Release;
		};
		F1234567890ABCDEF052 /* Build configuration list for PBXProject "FlareWeather" */ = {
			isa = XCConfigurationList;
			buildConfigurations = (
				F1234567890ABCDEF053 /* Debug */,
				F1234567890ABCDEF054 /* Release */,
			);
			defaultConfigurationIsVisible = 0;
			defaultConfigurationName = Release;
		};
/* End XCConfigurationList section */

/* Begin XCVersionGroup section */
		F1234567890ABCDEF034 /* FlareWeatherModel.xcdatamodeld */ = {
			isa = XCVersionGroup;
			children = (
				F1234567890ABCDEF035 /* FlareWeatherModel.xcdatamodel */,
			);
			currentVersion = F1234567890ABCDEF035 /* FlareWeatherModel.xcdatamodel */;
			path = FlareWeatherModel.xcdatamodeld;
			sourceTree = "<group>";
			versionGroupType = wrapper.xcdatamodel;
		};
/* End XCVersionGroup section */
	};
	rootObject = F1234567890ABCDEF051 /* Project object */;
}
